
Microsoft Visual Studio Solution File, Format Version 12.00
# Visual Studio 15
VisualStudioVersion = 15.0.28307.421
MinimumVisualStudioVersion = 10.0.40219.1
Project("{FAE04EC0-301F-11D3-BF4B-00C04F79EFBC}") = "FifaProject", "FifaProject\FifaProject.csproj", "{368C956D-0639-4FD7-A50D-ACD86152064E}"
EndProject
Global
	GlobalSection(SolutionConfigurationPlatforms) = preSolution
		Debug|Any CPU = Debug|Any CPU
		Release|Any CPU = Release|Any CPU
	EndGlobalSection
	GlobalSection(ProjectConfigurationPlatforms) = postSolution
		{368C956D-0639-4FD7-A50D-ACD86152064E}.Debug|Any CPU.ActiveCfg = Debug|Any CPU
		{368C956D-0639-4FD7-A50D-ACD86152064E}.Debug|Any CPU.Build.0 = Debug|Any CPU
		{368C956D-0639-4FD7-A50D-ACD86152064E}.Release|Any CPU.ActiveCfg = Release|Any CPU
		{368C956D-0639-4FD7-A50D-ACD86152064E}.Release|Any CPU.Build.0 = Release|Any CPU
	EndGlobalSection
	GlobalSection(SolutionProperties) = preSolution
		HideSolutionNode = FALSE
	EndGlobalSection
	GlobalSection(ExtensibilityGlobals) = postSolution
		SolutionGuid = {36AF8B70-E1CD-4C6C-9735-B69A987CB685}
	EndGlobalSection
EndGlobal
